
Microsoft Visual Studio Solution File, Format Version 12.00
# Visual Studio Version 16
VisualStudioVersion = 16.0.29215.179
MinimumVisualStudioVersion = 10.0.40219.1
Project("{FAE04EC0-301F-11D3-BF4B-00C04F79EFBC}") = "Tmex.Websockets", "Tmex.Websockets\Tmex.Websockets.csproj", "{C639933E-F6B4-4F71-962B-CCEFB8641802}"
EndProject
Global
	GlobalSection(SolutionConfigurationPlatforms) = preSolution
		Debug|Any CPU = Debug|Any CPU
		Release|Any CPU = Release|Any CPU
	EndGlobalSection
	GlobalSection(ProjectConfigurationPlatforms) = postSolution
		{C639933E-F6B4-4F71-962B-CCEFB8641802}.Debug|Any CPU.ActiveCfg = Debug|Any CPU
		{C639933E-F6B4-4F71-962B-CCEFB8641802}.Debug|Any CPU.Build.0 = Debug|Any CPU
		{C639933E-F6B4-4F71-962B-CCEFB8641802}.Release|Any CPU.ActiveCfg = Release|Any CPU
		{C639933E-F6B4-4F71-962B-CCEFB8641802}.Release|Any CPU.Build.0 = Release|Any CPU
	EndGlobalSection
	GlobalSection(SolutionProperties) = preSolution
		HideSolutionNode = FALSE
	EndGlobalSection
	GlobalSection(ExtensibilityGlobals) = postSolution
		SolutionGuid = {C969E262-E29F-4AEF-AA51-ABA4C96AD47D}
	EndGlobalSection
EndGlobal
